// !$*UTF8*$!
{
	archiveVersion = 1;
	classes = {
	};
	objectVersion = 46;
	objects = {

/* Begin PBXBuildFile section */
		B30FB0191EE6B5C000D64F8D /* main.m in Sources */ = {isa = PBXBuildFile; fileRef = B30FB0181EE6B5C000D64F8D /* main.m */; };
		B30FB01C1EE6B5C000D64F8D /* AppDelegate.m in Sources */ = {isa = PBXBuildFile; fileRef = B30FB01B1EE6B5C000D64F8D /* AppDelegate.m */; };
		B30FB01F1EE6B5C000D64F8D /* ViewController.m in Sources */ = {isa = PBXBuildFile; fileRef = B30FB01E1EE6B5C000D64F8D /* ViewController.m */; };
		B30FB0221EE6B5C000D64F8D /* Main.storyboard in Resources */ = {isa = PBXBuildFile; fileRef = B30FB0201EE6B5C000D64F8D /* Main.storyboard */; };
		B30FB0241EE6B5C000D64F8D /* Assets.xcassets in Resources */ = {isa = PBXBuildFile; fileRef = B30FB0231EE6B5C000D64F8D /* Assets.xcassets */; };
		B30FB0271EE6B5C000D64F8D /* LaunchScreen.storyboard in Resources */ = {isa = PBXBuildFile; fileRef = B30FB0251EE6B5C000D64F8D /* LaunchScreen.storyboard */; };
		B30FB0321EE6B5C000D64F8D /* planGodsStore_worksTests.m in Sources */ = {isa = PBXBuildFile; fileRef = B30FB0311EE6B5C000D64F8D /* planGodsStore_worksTests.m */; };
		B30FB03D1EE6B5C000D64F8D /* planGodsStore_worksUITests.m in Sources */ = {isa = PBXBuildFile; fileRef = B30FB03C1EE6B5C000D64F8D /* planGodsStore_worksUITests.m */; };
/* End PBXBuildFile section */

/* Begin PBXContainerItemProxy section */
		B30FB02E1EE6B5C000D64F8D /* PBXContainerItemProxy */ = {
			isa = PBXContainerItemProxy;
			containerPortal = B30FB00C1EE6B5C000D64F8D /* Project object */;
			proxyType = 1;
			remoteGlobalIDString = B30FB0131EE6B5C000D64F8D;
			remoteInfo = planGodsStore_works;
		};
		B30FB0391EE6B5C000D64F8D /* PBXContainerItemProxy */ = {
			isa = PBXContainerItemProxy;
			containerPortal = B30FB00C1EE6B5C000D64F8D /* Project object */;
			proxyType = 1;
			remoteGlobalIDString = B30FB0131EE6B5C000D64F8D;
			remoteInfo = planGodsStore_works;
		};
/* End PBXContainerItemProxy section */

/* Begin PBXFileReference section */
		B30FB0141EE6B5C000D64F8D /* planGodsStore_works.app */ = {isa = PBXFileReference; explicitFileType = wrapper.application; includeInIndex = 0; path = planGodsStore_works.app; sourceTree = BUILT_PRODUCTS_DIR; };
		B30FB0181EE6B5C000D64F8D /* main.m */ = {isa = PBXFileReference; lastKnownFileType = sourcecode.c.objc; path = main.m; sourceTree = "<group>"; };
		B30FB01A1EE6B5C000D64F8D /* AppDelegate.h */ = {isa = PBXFileReference; lastKnownFileType = sourcecode.c.h; path = AppDelegate.h; sourceTree = "<group>"; };
		B30FB01B1EE6B5C000D64F8D /* AppDelegate.m */ = {isa = PBXFileReference; lastKnownFileType = sourcecode.c.objc; path = AppDelegate.m; sourceTree = "<group>"; };
		B30FB01D1EE6B5C000D64F8D /* ViewController.h */ = {isa = PBXFileReference; lastKnownFileType = sourcecode.c.h; path = ViewController.h; sourceTree = "<group>"; };
		B30FB01E1EE6B5C000D64F8D /* ViewController.m */ = {isa = PBXFileReference; lastKnownFileType = sourcecode.c.objc; path = ViewController.m; sourceTree = "<group>"; };
		B30FB0211EE6B5C000D64F8D /* Base */ = {isa = PBXFileReference; lastKnownFileType = file.storyboard; name = Base; path = Base.lproj/Main.storyboard; sourceTree = "<group>"; };
		B30FB0231EE6B5C000D64F8D /* Assets.xcassets */ = {isa = PBXFileReference; lastKnownFileType = folder.assetcatalog; path = Assets.xcassets; sourceTree = "<group>"; };
		B30FB0261EE6B5C000D64F8D /* Base */ = {isa = PBXFileReference; lastKnownFileType = file.storyboard; name = Base; path = Base.lproj/LaunchScreen.storyboard; sourceTree = "<group>"; };
		B30FB0281EE6B5C000D64F8D /* Info.plist */ = {isa = PBXFileReference; lastKnownFileType = text.plist.xml; path = Info.plist; sourceTree = "<group>"; };
		B30FB02D1EE6B5C000D64F8D /* planGodsStore_worksTests.xctest */ = {isa = PBXFileReference; explicitFileType = wrapper.cfbundle; includeInIndex = 0; path = planGodsStore_worksTests.xctest; sourceTree = BUILT_PRODUCTS_DIR; };
		B30FB0311EE6B5C000D64F8D /* planGodsStore_worksTests.m */ = {isa = PBXFileReference; lastKnownFileType = sourcecode.c.objc; path = planGodsStore_worksTests.m; sourceTree = "<group>"; };
		B30FB0331EE6B5C000D64F8D /* Info.plist */ = {isa = PBXFileReference; lastKnownFileType = text.plist.xml; path = Info.plist; sourceTree = "<group>"; };
		B30FB0381EE6B5C000D64F8D /* planGodsStore_worksUITests.xctest */ = {isa = PBXFileReference; explicitFileType = wrapper.cfbundle; includeInIndex = 0; path = planGodsStore_worksUITests.xctest; sourceTree = BUILT_PRODUCTS_DIR; };
		B30FB03C1EE6B5C000D64F8D /* planGodsStore_worksUITests.m */ = {isa = PBXFileReference; lastKnownFileType = sourcecode.c.objc; path = planGodsStore_worksUITests.m; sourceTree = "<group>"; };
		B30FB03E1EE6B5C000D64F8D /* Info.plist */ = {isa = PBXFileReference; lastKnownFileType = text.plist.xml; path = Info.plist; sourceTree = "<group>"; };
/* End PBXFileReference section */

/* Begin PBXFrameworksBuildPhase section */
		B30FB0111EE6B5C000D64F8D /* Frameworks */ = {
			isa = PBXFrameworksBuildPhase;
			buildActionMask = 2147483647;
			files = (
			);
			runOnlyForDeploymentPostprocessing = 0;
		};
		B30FB02A1EE6B5C000D64F8D /* Frameworks */ = {
			isa = PBXFrameworksBuildPhase;
			buildActionMask = 2147483647;
			files = (
			);
			runOnlyForDeploymentPostprocessing = 0;
		};
		B30FB0351EE6B5C000D64F8D /* Frameworks */ = {
			isa = PBXFrameworksBuildPhase;
			buildActionMask = 2147483647;
			files = (
			);
			runOnlyForDeploymentPostprocessing = 0;
		};
/* End PBXFrameworksBuildPhase section */

/* Begin PBXGroup section */
		B30FB00B1EE6B5C000D64F8D = {
			isa = PBXGroup;
			children = (
				B30FB0161EE6B5C000D64F8D /* planGodsStore_works */,
				B30FB0301EE6B5C000D64F8D /* planGodsStore_worksTests */,
				B30FB03B1EE6B5C000D64F8D /* planGodsStore_worksUITests */,
				B30FB0151EE6B5C000D64F8D /* Products */,
			);
			sourceTree = "<group>";
		};
		B30FB0151EE6B5C000D64F8D /* Products */ = {
			isa = PBXGroup;
			children = (
				B30FB0141EE6B5C000D64F8D /* planGodsStore_works.app */,
				B30FB02D1EE6B5C000D64F8D /* planGodsStore_worksTests.xctest */,
				B30FB0381EE6B5C000D64F8D /* planGodsStore_worksUITests.xctest */,
			);
			name = Products;
			sourceTree = "<group>";
		};
		B30FB0161EE6B5C000D64F8D /* planGodsStore_works */ = {
			isa = PBXGroup;
			children = (
				B30FB01A1EE6B5C000D64F8D /* AppDelegate.h */,
				B30FB01B1EE6B5C000D64F8D /* AppDelegate.m */,
				B30FB01D1EE6B5C000D64F8D /* ViewController.h */,
				B30FB01E1EE6B5C000D64F8D /* ViewController.m */,
				B30FB0201EE6B5C000D64F8D /* Main.storyboard */,
				B30FB0231EE6B5C000D64F8D /* Assets.xcassets */,
				B30FB0251EE6B5C000D64F8D /* LaunchScreen.storyboard */,
				B30FB0281EE6B5C000D64F8D /* Info.plist */,
				B30FB0171EE6B5C000D64F8D /* Supporting Files */,
			);
			path = planGodsStore_works;
			sourceTree = "<group>";
		};
		B30FB0171EE6B5C000D64F8D /* Supporting Files */ = {
			isa = PBXGroup;
			children = (
				B30FB0181EE6B5C000D64F8D /* main.m */,
			);
			name = "Supporting Files";
			sourceTree = "<group>";
		};
		B30FB0301EE6B5C000D64F8D /* planGodsStore_worksTests */ = {
			isa = PBXGroup;
			children = (
				B30FB0311EE6B5C000D64F8D /* planGodsStore_worksTests.m */,
				B30FB0331EE6B5C000D64F8D /* Info.plist */,
			);
			path = planGodsStore_worksTests;
			sourceTree = "<group>";
		};
		B30FB03B1EE6B5C000D64F8D /* planGodsStore_worksUITests */ = {
			isa = PBXGroup;
			children = (
				B30FB03C1EE6B5C000D64F8D /* planGodsStore_worksUITests.m */,
				B30FB03E1EE6B5C000D64F8D /* Info.plist */,
			);
			path = planGodsStore_worksUITests;
			sourceTree = "<group>";
		};
/* End PBXGroup section */

/* Begin PBXNativeTarget section */
		B30FB0131EE6B5C000D64F8D /* planGodsStore_works */ = {
			isa = PBXNativeTarget;
			buildConfigurationList = B30FB0411EE6B5C000D64F8D /* Build configuration list for PBXNativeTarget "planGodsStore_works" */;
			buildPhases = (
				B30FB0101EE6B5C000D64F8D /* Sources */,
				B30FB0111EE6B5C000D64F8D /* Frameworks */,
				B30FB0121EE6B5C000D64F8D /* Resources */,
			);
			buildRules = (
			);
			dependencies = (
			);
			name = planGodsStore_works;
			productName = planGodsStore_works;
			productReference = B30FB0141EE6B5C000D64F8D /* planGodsStore_works.app */;
			productType = "com.apple.product-type.application";
		};
		B30FB02C1EE6B5C000D64F8D /* planGodsStore_worksTests */ = {
			isa = PBXNativeTarget;
			buildConfigurationList = B30FB0441EE6B5C000D64F8D /* Build configuration list for PBXNativeTarget "planGodsStore_worksTests" */;
			buildPhases = (
				B30FB0291EE6B5C000D64F8D /* Sources */,
				B30FB02A1EE6B5C000D64F8D /* Frameworks */,
				B30FB02B1EE6B5C000D64F8D /* Resources */,
			);
			buildRules = (
			);
			dependencies = (
				B30FB02F1EE6B5C000D64F8D /* PBXTargetDependency */,
			);
			name = planGodsStore_worksTests;
			productName = planGodsStore_worksTests;
			productReference = B30FB02D1EE6B5C000D64F8D /* planGodsStore_worksTests.xctest */;
			productType = "com.apple.product-type.bundle.unit-test";
		};
		B30FB0371EE6B5C000D64F8D /* planGodsStore_worksUITests */ = {
			isa = PBXNativeTarget;
			buildConfigurationList = B30FB0471EE6B5C000D64F8D /* Build configuration list for PBXNativeTarget "planGodsStore_worksUITests" */;
			buildPhases = (
				B30FB0341EE6B5C000D64F8D /* Sources */,
				B30FB0351EE6B5C000D64F8D /* Frameworks */,
				B30FB0361EE6B5C000D64F8D /* Resources */,
			);
			buildRules = (
			);
			dependencies = (
				B30FB03A1EE6B5C000D64F8D /* PBXTargetDependency */,
			);
			name = planGodsStore_worksUITests;
			productName = planGodsStore_worksUITests;
			productReference = B30FB0381EE6B5C000D64F8D /* planGodsStore_worksUITests.xctest */;
			productType = "com.apple.product-type.bundle.ui-testing";
		};
/* End PBXNativeTarget section */

/* Begin PBXProject section */
		B30FB00C1EE6B5C000D64F8D /* Project object */ = {
			isa = PBXProject;
			attributes = {
				LastUpgradeCheck = 0830;
				ORGANIZATIONNAME = "陈美安";
				TargetAttributes = {
					B30FB0131EE6B5C000D64F8D = {
						CreatedOnToolsVersion = 8.3.2;
						DevelopmentTeam = YW4TSN927T;
						ProvisioningStyle = Automatic;
					};
					B30FB02C1EE6B5C000D64F8D = {
						CreatedOnToolsVersion = 8.3.2;
						DevelopmentTeam = YW4TSN927T;
						ProvisioningStyle = Automatic;
						TestTargetID = B30FB0131EE6B5C000D64F8D;
					};
					B30FB0371EE6B5C000D64F8D = {
						CreatedOnToolsVersion = 8.3.2;
						DevelopmentTeam = YW4TSN927T;
						ProvisioningStyle = Automatic;
						TestTargetID = B30FB0131EE6B5C000D64F8D;
					};
				};
			};
			buildConfigurationList = B30FB00F1EE6B5C000D64F8D /* Build configuration list for PBXProject "planGodsStore_works" */;
			compatibilityVersion = "Xcode 3.2";
			developmentRegion = English;
			hasScannedForEncodings = 0;
			knownRegions = (
				en,
				Base,
			);
			mainGroup = B30FB00B1EE6B5C000D64F8D;
			productRefGroup = B30FB0151EE6B5C000D64F8D /* Products */;
			projectDirPath = "";
			projectRoot = "";
			targets = (
				B30FB0131EE6B5C000D64F8D /* planGodsStore_works */,
				B30FB02C1EE6B5C000D64F8D /* planGodsStore_worksTests */,
				B30FB0371EE6B5C000D64F8D /* planGodsStore_worksUITests */,
			);
		};
/* End PBXProject section */

/* Begin PBXResourcesBuildPhase section */
		B30FB0121EE6B5C000D64F8D /* Resources */ = {
			isa = PBXResourcesBuildPhase;
			buildActionMask = 2147483647;
			files = (
				B30FB0271EE6B5C000D64F8D /* LaunchScreen.storyboard in Resources */,
				B30FB0241EE6B5C000D64F8D /* Assets.xcassets in Resources */,
				B30FB0221EE6B5C000D64F8D /* Main.storyboard in Resources */,
			);
			runOnlyForDeploymentPostprocessing = 0;
		};
		B30FB02B1EE6B5C000D64F8D /* Resources */ = {
			isa = PBXResourcesBuildPhase;
			buildActionMask = 2147483647;
			files = (
			);
			runOnlyForDeploymentPostprocessing = 0;
		};
		B30FB0361EE6B5C000D64F8D /* Resources */ = {
			isa = PBXResourcesBuildPhase;
			buildActionMask = 2147483647;
			files = (
			);
			runOnlyForDeploymentPostprocessing = 0;
		};
/* End PBXResourcesBuildPhase section */

/* Begin PBXSourcesBuildPhase section */
		B30FB0101EE6B5C000D64F8D /* Sources */ = {
			isa = PBXSourcesBuildPhase;
			buildActionMask = 2147483647;
			files = (
				B30FB01F1EE6B5C000D64F8D /* ViewController.m in Sources */,
				B30FB01C1EE6B5C000D64F8D /* AppDelegate.m in Sources */,
				B30FB0191EE6B5C000D64F8D /* main.m in Sources */,
			);
			runOnlyForDeploymentPostprocessing = 0;
		};
		B30FB0291EE6B5C000D64F8D /* Sources */ = {
			isa = PBXSourcesBuildPhase;
			buildActionMask = 2147483647;
			files = (
				B30FB0321EE6B5C000D64F8D /* planGodsStore_worksTests.m in Sources */,
			);
			runOnlyForDeploymentPostprocessing = 0;
		};
		B30FB0341EE6B5C000D64F8D /* Sources */ = {
			isa = PBXSourcesBuildPhase;
			buildActionMask = 2147483647;
			files = (
				B30FB03D1EE6B5C000D64F8D /* planGodsStore_worksUITests.m in Sources */,
			);
			runOnlyForDeploymentPostprocessing = 0;
		};
/* End PBXSourcesBuildPhase section */

/* Begin PBXTargetDependency section */
		B30FB02F1EE6B5C000D64F8D /* PBXTargetDependency */ = {
			isa = PBXTargetDependency;
			target = B30FB0131EE6B5C000D64F8D /* planGodsStore_works */;
			targetProxy = B30FB02E1EE6B5C000D64F8D /* PBXContainerItemProxy */;
		};
		B30FB03A1EE6B5C000D64F8D /* PBXTargetDependency */ = {
			isa = PBXTargetDependency;
			target = B30FB0131EE6B5C000D64F8D /* planGodsStore_works */;
			targetProxy = B30FB0391EE6B5C000D64F8D /* PBXContainerItemProxy */;
		};
/* End PBXTargetDependency section */

/* Begin PBXVariantGroup section */
		B30FB0201EE6B5C000D64F8D /* Main.storyboard */ = {
			isa = PBXVariantGroup;
			children = (
				B30FB0211EE6B5C000D64F8D /* Base */,
			);
			name = Main.storyboard;
			sourceTree = "<group>";
		};
		B30FB0251EE6B5C000D64F8D /* LaunchScreen.storyboard */ = {
			isa = PBXVariantGroup;
			children = (
				B30FB0261EE6B5C000D64F8D /* Base */,
			);
			name = LaunchScreen.storyboard;
			sourceTree = "<group>";
		};
/* End PBXVariantGroup section */

/* Begin XCBuildConfiguration section */
		B30FB03F1EE6B5C000D64F8D /* Debug */ = {
			isa = XCBuildConfiguration;
			buildSettings = {
				ALWAYS_SEARCH_USER_PATHS = NO;
				CLANG_ANALYZER_NONNULL = YES;
				CLANG_ANALYZER_NUMBER_OBJECT_CONVERSION = YES_AGGRESSIVE;
				CLANG_CXX_LANGUAGE_STANDARD = "gnu++0x";
				CLANG_CXX_LIBRARY = "libc++";
				CLANG_ENABLE_MODULES = YES;
				CLANG_ENABLE_OBJC_ARC = YES;
				CLANG_WARN_BOOL_CONVERSION = YES;
				CLANG_WARN_CONSTANT_CONVERSION = YES;
				CLANG_WARN_DIRECT_OBJC_ISA_USAGE = YES_ERROR;
				CLANG_WARN_DOCUMENTATION_COMMENTS = YES;
				CLANG_WARN_EMPTY_BODY = YES;
				CLANG_WARN_ENUM_CONVERSION = YES;
				CLANG_WARN_INFINITE_RECURSION = YES;
				CLANG_WARN_INT_CONVERSION = YES;
				CLANG_WARN_OBJC_ROOT_CLASS = YES_ERROR;
				CLANG_WARN_SUSPICIOUS_MOVE = YES;
				CLANG_WARN_UNREACHABLE_CODE = YES;
				CLANG_WARN__DUPLICATE_METHOD_MATCH = YES;
				"CODE_SIGN_IDENTITY[sdk=iphoneos*]" = "iPhone Developer";
				COPY_PHASE_STRIP = NO;
				DEBUG_INFORMATION_FORMAT = dwarf;
				ENABLE_STRICT_OBJC_MSGSEND = YES;
				ENABLE_TESTABILITY = YES;
				GCC_C_LANGUAGE_STANDARD = gnu99;
				GCC_DYNAMIC_NO_PIC = NO;
				GCC_NO_COMMON_BLOCKS = YES;
				GCC_OPTIMIZATION_LEVEL = 0;
				GCC_PREPROCESSOR_DEFINITIONS = (
					"DEBUG=1",
					"$(inherited)",
				);
				GCC_WARN_64_TO_32_BIT_CONVERSION = YES;
				GCC_WARN_ABOUT_RETURN_TYPE = YES_ERROR;
				GCC_WARN_UNDECLARED_SELECTOR = YES;
				GCC_WARN_UNINITIALIZED_AUTOS = YES_AGGRESSIVE;
				GCC_WARN_UNUSED_FUNCTION = YES;
				GCC_WARN_UNUSED_VARIABLE = YES;
				IPHONEOS_DEPLOYMENT_TARGET = 10.3;
				MTL_ENABLE_DEBUG_INFO = YES;
				ONLY_ACTIVE_ARCH = YES;
				SDKROOT = iphoneos;
				TARGETED_DEVICE_FAMILY = "1,2";
			};
			name = Debug;
		};
		B30FB0401EE6B5C000D64F8D /* Release */ = {
			isa = XCBuildConfiguration;
			buildSettings = {
				ALWAYS_SEARCH_USER_PATHS = NO;
				CLANG_ANALYZER_NONNULL = YES;
				CLANG_ANALYZER_NUMBER_OBJECT_CONVERSION = YES_AGGRESSIVE;
				CLANG_CXX_LANGUAGE_STANDARD = "gnu++0x";
				CLANG_CXX_LIBRARY = "libc++";
				CLANG_ENABLE_MODULES = YES;
				CLANG_ENABLE_OBJC_ARC = YES;
				CLANG_WARN_BOOL_CONVERSION = YES;
				CLANG_WARN_CONSTANT_CONVERSION = YES;
				CLANG_WARN_DIRECT_OBJC_ISA_USAGE = YES_ERROR;
				CLANG_WARN_DOCUMENTATION_COMMENTS = YES;
				CLANG_WARN_EMPTY_BODY = YES;
				CLANG_WARN_ENUM_CONVERSION = YES;
				CLANG_WARN_INFINITE_RECURSION = YES;
				CLANG_WARN_INT_CONVERSION = YES;
				CLANG_WARN_OBJC_ROOT_CLASS = YES_ERROR;
				CLANG_WARN_SUSPICIOUS_MOVE = YES;
				CLANG_WARN_UNREACHABLE_CODE = YES;
				CLANG_WARN__DUPLICATE_METHOD_MATCH = YES;
				"CODE_SIGN_IDENTITY[sdk=iphoneos*]" = "iPhone Developer";
				COPY_PHASE_STRIP = NO;
				DEBUG_INFORMATION_FORMAT = "dwarf-with-dsym";
				ENABLE_NS_ASSERTIONS = NO;
				ENABLE_STRICT_OBJC_MSGSEND = YES;
				GCC_C_LANGUAGE_STANDARD = gnu99;
				GCC_NO_COMMON_BLOCKS = YES;
				GCC_WARN_64_TO_32_BIT_CONVERSION = YES;
				GCC_WARN_ABOUT_RETURN_TYPE = YES_ERROR;
				GCC_WARN_UNDECLARED_SELECTOR = YES;
				GCC_WARN_UNINITIALIZED_AUTOS = YES_AGGRESSIVE;
				GCC_WARN_UNUSED_FUNCTION = YES;
				GCC_WARN_UNUSED_VARIABLE = YES;
				IPHONEOS_DEPLOYMENT_TARGET = 10.3;
				MTL_ENABLE_DEBUG_INFO = NO;
				SDKROOT = iphoneos;
				TARGETED_DEVICE_FAMILY = "1,2";
				VALIDATE_PRODUCT = YES;
			};
			name = Release;
		};
		B30FB0421EE6B5C000D64F8D /* Debug */ = {
			isa = XCBuildConfiguration;
			buildSettings = {
				ASSETCATALOG_COMPILER_APPICON_NAME = AppIcon;
				DEVELOPMENT_TEAM = YW4TSN927T;
				INFOPLIST_FILE = planGodsStore_works/Info.plist;
				LD_RUNPATH_SEARCH_PATHS = "$(inherited) @executable_path/Frameworks";
				PRODUCT_BUNDLE_IDENTIFIER = "dafenci.com.planGodsStore-works";
				PRODUCT_NAME = "$(TARGET_NAME)";
			};
			name = Debug;
		};
		B30FB0431EE6B5C000D64F8D /* Release */ = {
			isa = XCBuildConfiguration;
			buildSettings = {
				ASSETCATALOG_COMPILER_APPICON_NAME = AppIcon;
				DEVELOPMENT_TEAM = YW4TSN927T;
				INFOPLIST_FILE = planGodsStore_works/Info.plist;
				LD_RUNPATH_SEARCH_PATHS = "$(inherited) @executable_path/Frameworks";
				PRODUCT_BUNDLE_IDENTIFIER = "dafenci.com.planGodsStore-works";
				PRODUCT_NAME = "$(TARGET_NAME)";
			};
			name = Release;
		};
		B30FB0451EE6B5C000D64F8D /* Debug */ = {
			isa = XCBuildConfiguration;
			buildSettings = {
				BUNDLE_LOADER = "$(TEST_HOST)";
				DEVELOPMENT_TEAM = YW4TSN927T;
				INFOPLIST_FILE = planGodsStore_worksTests/Info.plist;
				LD_RUNPATH_SEARCH_PATHS = "$(inherited) @executable_path/Frameworks @loader_path/Frameworks";
				PRODUCT_BUNDLE_IDENTIFIER = "dafenci.com.planGodsStore-worksTests";
				PRODUCT_NAME = "$(TARGET_NAME)";
				TEST_HOST = "$(BUILT_PRODUCTS_DIR)/planGodsStore_works.app/planGodsStore_works";
			};
			name = Debug;
		};
		B30FB0461EE6B5C000D64F8D /* Release */ = {
			isa = XCBuildConfiguration;
			buildSettings = {
				BUNDLE_LOADER = "$(TEST_HOST)";
				DEVELOPMENT_TEAM = YW4TSN927T;
				INFOPLIST_FILE = planGodsStore_worksTests/Info.plist;
				LD_RUNPATH_SEARCH_PATHS = "$(inherited) @executable_path/Frameworks @loader_path/Frameworks";
				PRODUCT_BUNDLE_IDENTIFIER = "dafenci.com.planGodsStore-worksTests";
				PRODUCT_NAME = "$(TARGET_NAME)";
				TEST_HOST = "$(BUILT_PRODUCTS_DIR)/planGodsStore_works.app/planGodsStore_works";
			};
			name = Release;
		};
		B30FB0481EE6B5C000D64F8D /* Debug */ = {
			isa = XCBuildConfiguration;
			buildSettings = {
				DEVELOPMENT_TEAM = YW4TSN927T;
				INFOPLIST_FILE = planGodsStore_worksUITests/Info.plist;
				LD_RUNPATH_SEARCH_PATHS = "$(inherited) @executable_path/Frameworks @loader_path/Frameworks";
				PRODUCT_BUNDLE_IDENTIFIER = "dafenci.com.planGodsStore-worksUITests";
				PRODUCT_NAME = "$(TARGET_NAME)";
				TEST_TARGET_NAME = planGodsStore_works;
			};
			name = Debug;
		};
		B30FB0491EE6B5C000D64F8D /* Release */ = {
			isa = XCBuildConfiguration;
			buildSettings = {
				DEVELOPMENT_TEAM = YW4TSN927T;
				INFOPLIST_FILE = planGodsStore_worksUITests/Info.plist;
				LD_RUNPATH_SEARCH_PATHS = "$(inherited) @executable_path/Frameworks @loader_path/Frameworks";
				PRODUCT_BUNDLE_IDENTIFIER = "dafenci.com.planGodsStore-worksUITests";
				PRODUCT_NAME = "$(TARGET_NAME)";
				TEST_TARGET_NAME = planGodsStore_works;
			};
			name = Release;
		};
/* End XCBuildConfiguration section */

/* Begin XCConfigurationList section */
		B30FB00F1EE6B5C000D64F8D /* Build configuration list for PBXProject "planGodsStore_works" */ = {
			isa = XCConfigurationList;
			buildConfigurations = (
				B30FB03F1EE6B5C000D64F8D /* Debug */,
				B30FB0401EE6B5C000D64F8D /* Release */,
			);
			defaultConfigurationIsVisible = 0;
			defaultConfigurationName = Release;
		};
		B30FB0411EE6B5C000D64F8D /* Build configuration list for PBXNativeTarget "planGodsStore_works" */ = {
			isa = XCConfigurationList;
			buildConfigurations = (
				B30FB0421EE6B5C000D64F8D /* Debug */,
				B30FB0431EE6B5C000D64F8D /* Release */,
			);
			defaultConfigurationIsVisible = 0;
		};
		B30FB0441EE6B5C000D64F8D /* Build configuration list for PBXNativeTarget "planGodsStore_worksTests" */ = {
			isa = XCConfigurationList;
			buildConfigurations = (
				B30FB0451EE6B5C000D64F8D /* Debug */,
				B30FB0461EE6B5C000D64F8D /* Release */,
			);
			defaultConfigurationIsVisible = 0;
		};
		B30FB0471EE6B5C000D64F8D /* Build configuration list for PBXNativeTarget "planGodsStore_worksUITests" */ = {
			isa = XCConfigurationList;
			buildConfigurations = (
				B30FB0481EE6B5C000D64F8D /* Debug */,
				B30FB0491EE6B5C000D64F8D /* Release */,
			);
			defaultConfigurationIsVisible = 0;
		};
/* End XCConfigurationList section */
	};
	rootObject = B30FB00C1EE6B5C000D64F8D /* Project object */;
}
